// !$*UTF8*$!
{
	archiveVersion = 1;
	classes = {
	};
	objectVersion = 56;
	objects = {

/* Begin PBXBuildFile section */
		C83426272941A95000B45BEC /* AppDelegate.swift in Sources */ = {isa = PBXBuildFile; fileRef = C83426262941A95000B45BEC /* AppDelegate.swift */; };
		C83426292941A95000B45BEC /* SceneDelegate.swift in Sources */ = {isa = PBXBuildFile; fileRef = C83426282941A95000B45BEC /* SceneDelegate.swift */; };
		C834262B2941A95000B45BEC /* WeatherViewController.swift in Sources */ = {isa = PBXBuildFile; fileRef = C834262A2941A95000B45BEC /* WeatherViewController.swift */; };
		C834262E2941A95000B45BEC /* Main.storyboard in Resources */ = {isa = PBXBuildFile; fileRef = C834262C2941A95000B45BEC /* Main.storyboard */; };
		C83426302941A95100B45BEC /* Assets.xcassets in Resources */ = {isa = PBXBuildFile; fileRef = C834262F2941A95100B45BEC /* Assets.xcassets */; };
		C83426332941A95100B45BEC /* LaunchScreen.storyboard in Resources */ = {isa = PBXBuildFile; fileRef = C83426312941A95100B45BEC /* LaunchScreen.storyboard */; };
		C83426512945950000B45BEC /* WeatherManager.swift in Sources */ = {isa = PBXBuildFile; fileRef = C83426502945950000B45BEC /* WeatherManager.swift */; };
		C83426532946AF4600B45BEC /* WeatherData.swift in Sources */ = {isa = PBXBuildFile; fileRef = C83426522946AF4600B45BEC /* WeatherData.swift */; };
		C83426552948395700B45BEC /* WeatherModel.swift in Sources */ = {isa = PBXBuildFile; fileRef = C83426542948395700B45BEC /* WeatherModel.swift */; };
/* End PBXBuildFile section */

/* Begin PBXFileReference section */
		C83426232941A95000B45BEC /* ClimaPersonal.app */ = {isa = PBXFileReference; explicitFileType = wrapper.application; includeInIndex = 0; path = ClimaPersonal.app; sourceTree = BUILT_PRODUCTS_DIR; };
		C83426262941A95000B45BEC /* AppDelegate.swift */ = {isa = PBXFileReference; lastKnownFileType = sourcecode.swift; path = AppDelegate.swift; sourceTree = "<group>"; };
		C83426282941A95000B45BEC /* SceneDelegate.swift */ = {isa = PBXFileReference; lastKnownFileType = sourcecode.swift; path = SceneDelegate.swift; sourceTree = "<group>"; };
		C834262A2941A95000B45BEC /* WeatherViewController.swift */ = {isa = PBXFileReference; lastKnownFileType = sourcecode.swift; path = WeatherViewController.swift; sourceTree = "<group>"; };
		C834262D2941A95000B45BEC /* Base */ = {isa = PBXFileReference; lastKnownFileType = file.storyboard; name = Base; path = Base.lproj/Main.storyboard; sourceTree = "<group>"; };
		C834262F2941A95100B45BEC /* Assets.xcassets */ = {isa = PBXFileReference; lastKnownFileType = folder.assetcatalog; path = Assets.xcassets; sourceTree = "<group>"; };
		C83426322941A95100B45BEC /* Base */ = {isa = PBXFileReference; lastKnownFileType = file.storyboard; name = Base; path = Base.lproj/LaunchScreen.storyboard; sourceTree = "<group>"; };
		C83426342941A95100B45BEC /* Info.plist */ = {isa = PBXFileReference; lastKnownFileType = text.plist.xml; path = Info.plist; sourceTree = "<group>"; };
		C83426502945950000B45BEC /* WeatherManager.swift */ = {isa = PBXFileReference; lastKnownFileType = sourcecode.swift; path = WeatherManager.swift; sourceTree = "<group>"; };
		C83426522946AF4600B45BEC /* WeatherData.swift */ = {isa = PBXFileReference; lastKnownFileType = sourcecode.swift; path = WeatherData.swift; sourceTree = "<group>"; };
		C83426542948395700B45BEC /* WeatherModel.swift */ = {isa = PBXFileReference; lastKnownFileType = sourcecode.swift; path = WeatherModel.swift; sourceTree = "<group>"; };
/* End PBXFileReference section */

/* Begin PBXFrameworksBuildPhase section */
		C83426202941A95000B45BEC /* Frameworks */ = {
			isa = PBXFrameworksBuildPhase;
			buildActionMask = 2147483647;
			files = (
			);
			runOnlyForDeploymentPostprocessing = 0;
		};
/* End PBXFrameworksBuildPhase section */

/* Begin PBXGroup section */
		C834261A2941A95000B45BEC = {
			isa = PBXGroup;
			children = (
				C83426252941A95000B45BEC /* ClimaPersonal */,
				C83426242941A95000B45BEC /* Products */,
			);
			sourceTree = "<group>";
		};
		C83426242941A95000B45BEC /* Products */ = {
			isa = PBXGroup;
			children = (
				C83426232941A95000B45BEC /* ClimaPersonal.app */,
			);
			name = Products;
			sourceTree = "<group>";
		};
		C83426252941A95000B45BEC /* ClimaPersonal */ = {
			isa = PBXGroup;
			children = (
				C83426262941A95000B45BEC /* AppDelegate.swift */,
				C83426282941A95000B45BEC /* SceneDelegate.swift */,
				C834264F294594D700B45BEC /* Model */,
				C834264E294594B400B45BEC /* View */,
				C834264D294594A500B45BEC /* Controller */,
				C834262F2941A95100B45BEC /* Assets.xcassets */,
				C83426312941A95100B45BEC /* LaunchScreen.storyboard */,
				C83426342941A95100B45BEC /* Info.plist */,
			);
			path = ClimaPersonal;
			sourceTree = "<group>";
		};
		C834264D294594A500B45BEC /* Controller */ = {
			isa = PBXGroup;
			children = (
				C834262A2941A95000B45BEC /* WeatherViewController.swift */,
			);
			path = Controller;
			sourceTree = "<group>";
		};
		C834264E294594B400B45BEC /* View */ = {
			isa = PBXGroup;
			children = (
				C834262C2941A95000B45BEC /* Main.storyboard */,
			);
			path = View;
			sourceTree = "<group>";
		};
		C834264F294594D700B45BEC /* Model */ = {
			isa = PBXGroup;
			children = (
				C83426502945950000B45BEC /* WeatherManager.swift */,
				C83426522946AF4600B45BEC /* WeatherData.swift */,
				C83426542948395700B45BEC /* WeatherModel.swift */,
			);
			path = Model;
			sourceTree = "<group>";
		};
/* End PBXGroup section */

/* Begin PBXNativeTarget section */
		C83426222941A95000B45BEC /* ClimaPersonal */ = {
			isa = PBXNativeTarget;
			buildConfigurationList = C83426372941A95100B45BEC /* Build configuration list for PBXNativeTarget "ClimaPersonal" */;
			buildPhases = (
				C834261F2941A95000B45BEC /* Sources */,
				C83426202941A95000B45BEC /* Frameworks */,
				C83426212941A95000B45BEC /* Resources */,
			);
			buildRules = (
			);
			dependencies = (
			);
			name = ClimaPersonal;
			productName = ClimaPersonal;
			productReference = C83426232941A95000B45BEC /* ClimaPersonal.app */;
			productType = "com.apple.product-type.application";
		};
/* End PBXNativeTarget section */

/* Begin PBXProject section */
		C834261B2941A95000B45BEC /* Project object */ = {
			isa = PBXProject;
			attributes = {
				BuildIndependentTargetsInParallel = 1;
				LastSwiftUpdateCheck = 1410;
				LastUpgradeCheck = 1410;
				TargetAttributes = {
					C83426222941A95000B45BEC = {
						CreatedOnToolsVersion = 14.1;
					};
				};
			};
			buildConfigurationList = C834261E2941A95000B45BEC /* Build configuration list for PBXProject "ClimaPersonal" */;
			compatibilityVersion = "Xcode 14.0";
			developmentRegion = en;
			hasScannedForEncodings = 0;
			knownRegions = (
				en,
				Base,
			);
			mainGroup = C834261A2941A95000B45BEC;
			productRefGroup = C83426242941A95000B45BEC /* Products */;
			projectDirPath = "";
			projectRoot = "";
			targets = (
				C83426222941A95000B45BEC /* ClimaPersonal */,
			);
		};
/* End PBXProject section */

/* Begin PBXResourcesBuildPhase section */
		C83426212941A95000B45BEC /* Resources */ = {
			isa = PBXResourcesBuildPhase;
			buildActionMask = 2147483647;
			files = (
				C83426332941A95100B45BEC /* LaunchScreen.storyboard in Resources */,
				C83426302941A95100B45BEC /* Assets.xcassets in Resources */,
				C834262E2941A95000B45BEC /* Main.storyboard in Resources */,
			);
			runOnlyForDeploymentPostprocessing = 0;
		};
/* End PBXResourcesBuildPhase section */

/* Begin PBXSourcesBuildPhase section */
		C834261F2941A95000B45BEC /* Sources */ = {
			isa = PBXSourcesBuildPhase;
			buildActionMask = 2147483647;
			files = (
				C834262B2941A95000B45BEC /* WeatherViewController.swift in Sources */,
				C83426532946AF4600B45BEC /* WeatherData.swift in Sources */,
				C83426272941A95000B45BEC /* AppDelegate.swift in Sources */,
				C83426512945950000B45BEC /* WeatherManager.swift in Sources */,
				C83426552948395700B45BEC /* WeatherModel.swift in Sources */,
				C83426292941A95000B45BEC /* SceneDelegate.swift in Sources */,
			);
			runOnlyForDeploymentPostprocessing = 0;
		};
/* End PBXSourcesBuildPhase section */

/* Begin PBXVariantGroup section */
		C834262C2941A95000B45BEC /* Main.storyboard */ = {
			isa = PBXVariantGroup;
			children = (
				C834262D2941A95000B45BEC /* Base */,
			);
			name = Main.storyboard;
			sourceTree = "<group>";
		};
		C83426312941A95100B45BEC /* LaunchScreen.storyboard */ = {
			isa = PBXVariantGroup;
			children = (
				C83426322941A95100B45BEC /* Base */,
			);
			name = LaunchScreen.storyboard;
			sourceTree = "<group>";
		};
/* End PBXVariantGroup section */

/* Begin XCBuildConfiguration section */
		C83426352941A95100B45BEC /* Debug */ = {
			isa = XCBuildConfiguration;
			buildSettings = {
				ALWAYS_SEARCH_USER_PATHS = NO;
				CLANG_ANALYZER_NONNULL = YES;
				CLANG_ANALYZER_NUMBER_OBJECT_CONVERSION = YES_AGGRESSIVE;
				CLANG_CXX_LANGUAGE_STANDARD = "gnu++20";
				CLANG_ENABLE_MODULES = YES;
				CLANG_ENABLE_OBJC_ARC = YES;
				CLANG_ENABLE_OBJC_WEAK = YES;
				CLANG_WARN_BLOCK_CAPTURE_AUTORELEASING = YES;
				CLANG_WARN_BOOL_CONVERSION = YES;
				CLANG_WARN_COMMA = YES;
				CLANG_WARN_CONSTANT_CONVERSION = YES;
				CLANG_WARN_DEPRECATED_OBJC_IMPLEMENTATIONS = YES;
				CLANG_WARN_DIRECT_OBJC_ISA_USAGE = YES_ERROR;
				CLANG_WARN_DOCUMENTATION_COMMENTS = YES;
				CLANG_WARN_EMPTY_BODY = YES;
				CLANG_WARN_ENUM_CONVERSION = YES;
				CLANG_WARN_INFINITE_RECURSION = YES;
				CLANG_WARN_INT_CONVERSION = YES;
				CLANG_WARN_NON_LITERAL_NULL_CONVERSION = YES;
				CLANG_WARN_OBJC_IMPLICIT_RETAIN_SELF = YES;
				CLANG_WARN_OBJC_LITERAL_CONVERSION = YES;
				CLANG_WARN_OBJC_ROOT_CLASS = YES_ERROR;
				CLANG_WARN_QUOTED_INCLUDE_IN_FRAMEWORK_HEADER = YES;
				CLANG_WARN_RANGE_LOOP_ANALYSIS = YES;
				CLANG_WARN_STRICT_PROTOTYPES = YES;
				CLANG_WARN_SUSPICIOUS_MOVE = YES;
				CLANG_WARN_UNGUARDED_AVAILABILITY = YES_AGGRESSIVE;
				CLANG_WARN_UNREACHABLE_CODE = YES;
				CLANG_WARN__DUPLICATE_METHOD_MATCH = YES;
				COPY_PHASE_STRIP = NO;
				DEBUG_INFORMATION_FORMAT = dwarf;
				ENABLE_STRICT_OBJC_MSGSEND = YES;
				ENABLE_TESTABILITY = YES;
				GCC_C_LANGUAGE_STANDARD = gnu11;
				GCC_DYNAMIC_NO_PIC = NO;
				GCC_NO_COMMON_BLOCKS = YES;
				GCC_OPTIMIZATION_LEVEL = 0;
				GCC_PREPROCESSOR_DEFINITIONS = (
					"DEBUG=1",
					"$(inherited)",
				);
				GCC_WARN_64_TO_32_BIT_CONVERSION = YES;
				GCC_WARN_ABOUT_RETURN_TYPE = YES_ERROR;
				GCC_WARN_UNDECLARED_SELECTOR = YES;
				GCC_WARN_UNINITIALIZED_AUTOS = YES_AGGRESSIVE;
				GCC_WARN_UNUSED_FUNCTION = YES;
				GCC_WARN_UNUSED_VARIABLE = YES;
				IPHONEOS_DEPLOYMENT_TARGET = 16.1;
				MTL_ENABLE_DEBUG_INFO = INCLUDE_SOURCE;
				MTL_FAST_MATH = YES;
				ONLY_ACTIVE_ARCH = YES;
				SDKROOT = iphoneos;
				SWIFT_ACTIVE_COMPILATION_CONDITIONS = DEBUG;
				SWIFT_OPTIMIZATION_LEVEL = "-Onone";
			};
			name = Debug;
		};
		C83426362941A95100B45BEC /* Release */ = {
			isa = XCBuildConfiguration;
			buildSettings = {
				ALWAYS_SEARCH_USER_PATHS = NO;
				CLANG_ANALYZER_NONNULL = YES;
				CLANG_ANALYZER_NUMBER_OBJECT_CONVERSION = YES_AGGRESSIVE;
				CLANG_CXX_LANGUAGE_STANDARD = "gnu++20";
				CLANG_ENABLE_MODULES = YES;
				CLANG_ENABLE_OBJC_ARC = YES;
				CLANG_ENABLE_OBJC_WEAK = YES;
				CLANG_WARN_BLOCK_CAPTURE_AUTORELEASING = YES;
				CLANG_WARN_BOOL_CONVERSION = YES;
				CLANG_WARN_COMMA = YES;
				CLANG_WARN_CONSTANT_CONVERSION = YES;
				CLANG_WARN_DEPRECATED_OBJC_IMPLEMENTATIONS = YES;
				CLANG_WARN_DIRECT_OBJC_ISA_USAGE = YES_ERROR;
				CLANG_WARN_DOCUMENTATION_COMMENTS = YES;
				CLANG_WARN_EMPTY_BODY = YES;
				CLANG_WARN_ENUM_CONVERSION = YES;
				CLANG_WARN_INFINITE_RECURSION = YES;
				CLANG_WARN_INT_CONVERSION = YES;
				CLANG_WARN_NON_LITERAL_NULL_CONVERSION = YES;
				CLANG_WARN_OBJC_IMPLICIT_RETAIN_SELF = YES;
				CLANG_WARN_OBJC_LITERAL_CONVERSION = YES;
				CLANG_WARN_OBJC_ROOT_CLASS = YES_ERROR;
				CLANG_WARN_QUOTED_INCLUDE_IN_FRAMEWORK_HEADER = YES;
				CLANG_WARN_RANGE_LOOP_ANALYSIS = YES;
				CLANG_WARN_STRICT_PROTOTYPES = YES;
				CLANG_WARN_SUSPICIOUS_MOVE = YES;
				CLANG_WARN_UNGUARDED_AVAILABILITY = YES_AGGRESSIVE;
				CLANG_WARN_UNREACHABLE_CODE = YES;
				CLANG_WARN__DUPLICATE_METHOD_MATCH = YES;
				COPY_PHASE_STRIP = NO;
				DEBUG_INFORMATION_FORMAT = "dwarf-with-dsym";
				ENABLE_NS_ASSERTIONS = NO;
				ENABLE_STRICT_OBJC_MSGSEND = YES;
				GCC_C_LANGUAGE_STANDARD = gnu11;
				GCC_NO_COMMON_BLOCKS = YES;
				GCC_WARN_64_TO_32_BIT_CONVERSION = YES;
				GCC_WARN_ABOUT_RETURN_TYPE = YES_ERROR;
				GCC_WARN_UNDECLARED_SELECTOR = YES;
				GCC_WARN_UNINITIALIZED_AUTOS = YES_AGGRESSIVE;
				GCC_WARN_UNUSED_FUNCTION = YES;
				GCC_WARN_UNUSED_VARIABLE = YES;
				IPHONEOS_DEPLOYMENT_TARGET = 16.1;
				MTL_ENABLE_DEBUG_INFO = NO;
				MTL_FAST_MATH = YES;
				SDKROOT = iphoneos;
				SWIFT_COMPILATION_MODE = wholemodule;
				SWIFT_OPTIMIZATION_LEVEL = "-O";
				VALIDATE_PRODUCT = YES;
			};
			name = Release;
		};
		C83426382941A95100B45BEC /* Debug */ = {
			isa = XCBuildConfiguration;
			buildSettings = {
				ASSETCATALOG_COMPILER_APPICON_NAME = AppIcon;
				ASSETCATALOG_COMPILER_GLOBAL_ACCENT_COLOR_NAME = AccentColor;
				CODE_SIGN_STYLE = Automatic;
				CURRENT_PROJECT_VERSION = 1;
				DEVELOPMENT_TEAM = GG8ZXNPYVQ;
				GENERATE_INFOPLIST_FILE = YES;
				INFOPLIST_FILE = ClimaPersonal/Info.plist;
				INFOPLIST_KEY_UIApplicationSupportsIndirectInputEvents = YES;
				INFOPLIST_KEY_UILaunchStoryboardName = LaunchScreen;
				INFOPLIST_KEY_UIMainStoryboardFile = Main;
				INFOPLIST_KEY_UISupportedInterfaceOrientations_iPad = "UIInterfaceOrientationPortrait UIInterfaceOrientationPortraitUpsideDown UIInterfaceOrientationLandscapeLeft UIInterfaceOrientationLandscapeRight";
				INFOPLIST_KEY_UISupportedInterfaceOrientations_iPhone = "UIInterfaceOrientationPortrait UIInterfaceOrientationLandscapeLeft UIInterfaceOrientationLandscapeRight";
				IPHONEOS_DEPLOYMENT_TARGET = 13.0;
				LD_RUNPATH_SEARCH_PATHS = (
					"$(inherited)",
					"@executable_path/Frameworks",
				);
				MARKETING_VERSION = 1.0;
				PRODUCT_BUNDLE_IDENTIFIER = com.michaelp.ClimaPersonal;
				PRODUCT_NAME = "$(TARGET_NAME)";
				SWIFT_EMIT_LOC_STRINGS = YES;
				SWIFT_VERSION = 5.0;
				TARGETED_DEVICE_FAMILY = "1,2";
			};
			name = Debug;
		};
		C83426392941A95100B45BEC /* Release */ = {
			isa = XCBuildConfiguration;
			buildSettings = {
				ASSETCATALOG_COMPILER_APPICON_NAME = AppIcon;
				ASSETCATALOG_COMPILER_GLOBAL_ACCENT_COLOR_NAME = AccentColor;
				CODE_SIGN_STYLE = Automatic;
				CURRENT_PROJECT_VERSION = 1;
				DEVELOPMENT_TEAM = GG8ZXNPYVQ;
				GENERATE_INFOPLIST_FILE = YES;
				INFOPLIST_FILE = ClimaPersonal/Info.plist;
				INFOPLIST_KEY_UIApplicationSupportsIndirectInputEvents = YES;
				INFOPLIST_KEY_UILaunchStoryboardName = LaunchScreen;
				INFOPLIST_KEY_UIMainStoryboardFile = Main;
				INFOPLIST_KEY_UISupportedInterfaceOrientations_iPad = "UIInterfaceOrientationPortrait UIInterfaceOrientationPortraitUpsideDown UIInterfaceOrientationLandscapeLeft UIInterfaceOrientationLandscapeRight";
				INFOPLIST_KEY_UISupportedInterfaceOrientations_iPhone = "UIInterfaceOrientationPortrait UIInterfaceOrientationLandscapeLeft UIInterfaceOrientationLandscapeRight";
				IPHONEOS_DEPLOYMENT_TARGET = 13.0;
				LD_RUNPATH_SEARCH_PATHS = (
					"$(inherited)",
					"@executable_path/Frameworks",
				);
				MARKETING_VERSION = 1.0;
				PRODUCT_BUNDLE_IDENTIFIER = com.michaelp.ClimaPersonal;
				PRODUCT_NAME = "$(TARGET_NAME)";
				SWIFT_EMIT_LOC_STRINGS = YES;
				SWIFT_VERSION = 5.0;
				TARGETED_DEVICE_FAMILY = "1,2";
			};
			name = Release;
		};
/* End XCBuildConfiguration section */

/* Begin XCConfigurationList section */
		C834261E2941A95000B45BEC /* Build configuration list for PBXProject "ClimaPersonal" */ = {
			isa = XCConfigurationList;
			buildConfigurations = (
				C83426352941A95100B45BEC /* Debug */,
				C83426362941A95100B45BEC /* Release */,
			);
			defaultConfigurationIsVisible = 0;
			defaultConfigurationName = Release;
		};
		C83426372941A95100B45BEC /* Build configuration list for PBXNativeTarget "ClimaPersonal" */ = {
			isa = XCConfigurationList;
			buildConfigurations = (
				C83426382941A95100B45BEC /* Debug */,
				C83426392941A95100B45BEC /* Release */,
			);
			defaultConfigurationIsVisible = 0;
			defaultConfigurationName = Release;
		};
/* End XCConfigurationList section */
	};
	rootObject = C834261B2941A95000B45BEC /* Project object */;
}
